// !$*UTF8*$!
{
	archiveVersion = 1;
	classes = {
	};
	objectVersion = 50;
	objects = {

/* Begin PBXBuildFile section */
		002457CC25A84A9300D61E78 /* ex_12App.swift in Sources */ = {isa = PBXBuildFile; fileRef = 002457CB25A84A9300D61E78 /* ex_12App.swift */; };
		002457CE25A84A9300D61E78 /* ContentView.swift in Sources */ = {isa = PBXBuildFile; fileRef = 002457CD25A84A9300D61E78 /* ContentView.swift */; };
		002457D025A84A9A00D61E78 /* Assets.xcassets in Resources */ = {isa = PBXBuildFile; fileRef = 002457CF25A84A9A00D61E78 /* Assets.xcassets */; };
		002457D325A84A9A00D61E78 /* Preview Assets.xcassets in Resources */ = {isa = PBXBuildFile; fileRef = 002457D225A84A9A00D61E78 /* Preview Assets.xcassets */; };
		002457E125A8577000D61E78 /* secondPage.swift in Sources */ = {isa = PBXBuildFile; fileRef = 002457E025A8577000D61E78 /* secondPage.swift */; };
		002457E425A8655600D61E78 /* env.swift in Sources */ = {isa = PBXBuildFile; fileRef = 002457E325A8655600D61E78 /* env.swift */; };
/* End PBXBuildFile section */

/* Begin PBXFileReference section */
		002457C825A84A9300D61E78 /* ex 12.app */ = {isa = PBXFileReference; explicitFileType = wrapper.application; includeInIndex = 0; path = "ex 12.app"; sourceTree = BUILT_PRODUCTS_DIR; };
		002457CB25A84A9300D61E78 /* ex_12App.swift */ = {isa = PBXFileReference; lastKnownFileType = sourcecode.swift; path = ex_12App.swift; sourceTree = "<group>"; };
		002457CD25A84A9300D61E78 /* ContentView.swift */ = {isa = PBXFileReference; lastKnownFileType = sourcecode.swift; path = ContentView.swift; sourceTree = "<group>"; };
		002457CF25A84A9A00D61E78 /* Assets.xcassets */ = {isa = PBXFileReference; lastKnownFileType = folder.assetcatalog; path = Assets.xcassets; sourceTree = "<group>"; };
		002457D225A84A9A00D61E78 /* Preview Assets.xcassets */ = {isa = PBXFileReference; lastKnownFileType = folder.assetcatalog; path = "Preview Assets.xcassets"; sourceTree = "<group>"; };
		002457D425A84A9A00D61E78 /* Info.plist */ = {isa = PBXFileReference; lastKnownFileType = text.plist.xml; path = Info.plist; sourceTree = "<group>"; };
		002457E025A8577000D61E78 /* secondPage.swift */ = {isa = PBXFileReference; lastKnownFileType = sourcecode.swift; path = secondPage.swift; sourceTree = "<group>"; };
		002457E325A8655600D61E78 /* env.swift */ = {isa = PBXFileReference; lastKnownFileType = sourcecode.swift; path = env.swift; sourceTree = "<group>"; };
/* End PBXFileReference section */

/* Begin PBXFrameworksBuildPhase section */
		002457C525A84A9300D61E78 /* Frameworks */ = {
			isa = PBXFrameworksBuildPhase;
			buildActionMask = 2147483647;
			files = (
			);
			runOnlyForDeploymentPostprocessing = 0;
		};
/* End PBXFrameworksBuildPhase section */

/* Begin PBXGroup section */
		002457BF25A84A9300D61E78 = {
			isa = PBXGroup;
			children = (
				002457E325A8655600D61E78 /* env.swift */,
				002457E025A8577000D61E78 /* secondPage.swift */,
				002457CA25A84A9300D61E78 /* ex 12 */,
				002457C925A84A9300D61E78 /* Products */,
			);
			sourceTree = "<group>";
		};
		002457C925A84A9300D61E78 /* Products */ = {
			isa = PBXGroup;
			children = (
				002457C825A84A9300D61E78 /* ex 12.app */,
			);
			name = Products;
			sourceTree = "<group>";
		};
		002457CA25A84A9300D61E78 /* ex 12 */ = {
			isa = PBXGroup;
			children = (
				002457CB25A84A9300D61E78 /* ex_12App.swift */,
				002457CD25A84A9300D61E78 /* ContentView.swift */,
				002457CF25A84A9A00D61E78 /* Assets.xcassets */,
				002457D425A84A9A00D61E78 /* Info.plist */,
				002457D125A84A9A00D61E78 /* Preview Content */,
			);
			path = "ex 12";
			sourceTree = "<group>";
		};
		002457D125A84A9A00D61E78 /* Preview Content */ = {
			isa = PBXGroup;
			children = (
				002457D225A84A9A00D61E78 /* Preview Assets.xcassets */,
			);
			path = "Preview Content";
			sourceTree = "<group>";
		};
/* End PBXGroup section */

/* Begin PBXNativeTarget section */
		002457C725A84A9300D61E78 /* ex 12 */ = {
			isa = PBXNativeTarget;
			buildConfigurationList = 002457D725A84A9A00D61E78 /* Build configuration list for PBXNativeTarget "ex 12" */;
			buildPhases = (
				002457C425A84A9300D61E78 /* Sources */,
				002457C525A84A9300D61E78 /* Frameworks */,
				002457C625A84A9300D61E78 /* Resources */,
			);
			buildRules = (
			);
			dependencies = (
			);
			name = "ex 12";
			productName = "ex 12";
			productReference = 002457C825A84A9300D61E78 /* ex 12.app */;
			productType = "com.apple.product-type.application";
		};
/* End PBXNativeTarget section */

/* Begin PBXProject section */
		002457C025A84A9300D61E78 /* Project object */ = {
			isa = PBXProject;
			attributes = {
				LastSwiftUpdateCheck = 1230;
				LastUpgradeCheck = 1230;
				TargetAttributes = {
					002457C725A84A9300D61E78 = {
						CreatedOnToolsVersion = 12.3;
					};
				};
			};
			buildConfigurationList = 002457C325A84A9300D61E78 /* Build configuration list for PBXProject "ex 12" */;
			compatibilityVersion = "Xcode 9.3";
			developmentRegion = en;
			hasScannedForEncodings = 0;
			knownRegions = (
				en,
				Base,
			);
			mainGroup = 002457BF25A84A9300D61E78;
			productRefGroup = 002457C925A84A9300D61E78 /* Products */;
			projectDirPath = "";
			projectRoot = "";
			targets = (
				002457C725A84A9300D61E78 /* ex 12 */,
			);
		};
/* End PBXProject section */

/* Begin PBXResourcesBuildPhase section */
		002457C625A84A9300D61E78 /* Resources */ = {
			isa = PBXResourcesBuildPhase;
			buildActionMask = 2147483647;
			files = (
				002457D325A84A9A00D61E78 /* Preview Assets.xcassets in Resources */,
				002457D025A84A9A00D61E78 /* Assets.xcassets in Resources */,
			);
			runOnlyForDeploymentPostprocessing = 0;
		};
/* End PBXResourcesBuildPhase section */

/* Begin PBXSourcesBuildPhase section */
		002457C425A84A9300D61E78 /* Sources */ = {
			isa = PBXSourcesBuildPhase;
			buildActionMask = 2147483647;
			files = (
				002457E125A8577000D61E78 /* secondPage.swift in Sources */,
				002457E425A8655600D61E78 /* env.swift in Sources */,
				002457CE25A84A9300D61E78 /* ContentView.swift in Sources */,
				002457CC25A84A9300D61E78 /* ex_12App.swift in Sources */,
			);
			runOnlyForDeploymentPostprocessing = 0;
		};
/* End PBXSourcesBuildPhase section */

/* Begin XCBuildConfiguration section */
		002457D525A84A9A00D61E78 /* Debug */ = {
			isa = XCBuildConfiguration;
			buildSettings = {
				ALWAYS_SEARCH_USER_PATHS = NO;
				CLANG_ANALYZER_NONNULL = YES;
				CLANG_ANALYZER_NUMBER_OBJECT_CONVERSION = YES_AGGRESSIVE;
				CLANG_CXX_LANGUAGE_STANDARD = "gnu++14";
				CLANG_CXX_LIBRARY = "libc++";
				CLANG_ENABLE_MODULES = YES;
				CLANG_ENABLE_OBJC_ARC = YES;
				CLANG_ENABLE_OBJC_WEAK = YES;
				CLANG_WARN_BLOCK_CAPTURE_AUTORELEASING = YES;
				CLANG_WARN_BOOL_CONVERSION = YES;
				CLANG_WARN_COMMA = YES;
				CLANG_WARN_CONSTANT_CONVERSION = YES;
				CLANG_WARN_DEPRECATED_OBJC_IMPLEMENTATIONS = YES;
				CLANG_WARN_DIRECT_OBJC_ISA_USAGE = YES_ERROR;
				CLANG_WARN_DOCUMENTATION_COMMENTS = YES;
				CLANG_WARN_EMPTY_BODY = YES;
				CLANG_WARN_ENUM_CONVERSION = YES;
				CLANG_WARN_INFINITE_RECURSION = YES;
				CLANG_WARN_INT_CONVERSION = YES;
				CLANG_WARN_NON_LITERAL_NULL_CONVERSION = YES;
				CLANG_WARN_OBJC_IMPLICIT_RETAIN_SELF = YES;
				CLANG_WARN_OBJC_LITERAL_CONVERSION = YES;
				CLANG_WARN_OBJC_ROOT_CLASS = YES_ERROR;
				CLANG_WARN_QUOTED_INCLUDE_IN_FRAMEWORK_HEADER = YES;
				CLANG_WARN_RANGE_LOOP_ANALYSIS = YES;
				CLANG_WARN_STRICT_PROTOTYPES = YES;
				CLANG_WARN_SUSPICIOUS_MOVE = YES;
				CLANG_WARN_UNGUARDED_AVAILABILITY = YES_AGGRESSIVE;
				CLANG_WARN_UNREACHABLE_CODE = YES;
				CLANG_WARN__DUPLICATE_METHOD_MATCH = YES;
				COPY_PHASE_STRIP = NO;
				DEBUG_INFORMATION_FORMAT = dwarf;
				ENABLE_STRICT_OBJC_MSGSEND = YES;
				ENABLE_TESTABILITY = YES;
				GCC_C_LANGUAGE_STANDARD = gnu11;
				GCC_DYNAMIC_NO_PIC = NO;
				GCC_NO_COMMON_BLOCKS = YES;
				GCC_OPTIMIZATION_LEVEL = 0;
				GCC_PREPROCESSOR_DEFINITIONS = (
					"DEBUG=1",
					"$(inherited)",
				);
				GCC_WARN_64_TO_32_BIT_CONVERSION = YES;
				GCC_WARN_ABOUT_RETURN_TYPE = YES_ERROR;
				GCC_WARN_UNDECLARED_SELECTOR = YES;
				GCC_WARN_UNINITIALIZED_AUTOS = YES_AGGRESSIVE;
				GCC_WARN_UNUSED_FUNCTION = YES;
				GCC_WARN_UNUSED_VARIABLE = YES;
				IPHONEOS_DEPLOYMENT_TARGET = 14.3;
				MTL_ENABLE_DEBUG_INFO = INCLUDE_SOURCE;
				MTL_FAST_MATH = YES;
				ONLY_ACTIVE_ARCH = YES;
				SDKROOT = iphoneos;
				SWIFT_ACTIVE_COMPILATION_CONDITIONS = DEBUG;
				SWIFT_OPTIMIZATION_LEVEL = "-Onone";
			};
			name = Debug;
		};
		002457D625A84A9A00D61E78 /* Release */ = {
			isa = XCBuildConfiguration;
			buildSettings = {
				ALWAYS_SEARCH_USER_PATHS = NO;
				CLANG_ANALYZER_NONNULL = YES;
				CLANG_ANALYZER_NUMBER_OBJECT_CONVERSION = YES_AGGRESSIVE;
				CLANG_CXX_LANGUAGE_STANDARD = "gnu++14";
				CLANG_CXX_LIBRARY = "libc++";
				CLANG_ENABLE_MODULES = YES;
				CLANG_ENABLE_OBJC_ARC = YES;
				CLANG_ENABLE_OBJC_WEAK = YES;
				CLANG_WARN_BLOCK_CAPTURE_AUTORELEASING = YES;
				CLANG_WARN_BOOL_CONVERSION = YES;
				CLANG_WARN_COMMA = YES;
				CLANG_WARN_CONSTANT_CONVERSION = YES;
				CLANG_WARN_DEPRECATED_OBJC_IMPLEMENTATIONS = YES;
				CLANG_WARN_DIRECT_OBJC_ISA_USAGE = YES_ERROR;
				CLANG_WARN_DOCUMENTATION_COMMENTS = YES;
				CLANG_WARN_EMPTY_BODY = YES;
				CLANG_WARN_ENUM_CONVERSION = YES;
				CLANG_WARN_INFINITE_RECURSION = YES;
				CLANG_WARN_INT_CONVERSION = YES;
				CLANG_WARN_NON_LITERAL_NULL_CONVERSION = YES;
				CLANG_WARN_OBJC_IMPLICIT_RETAIN_SELF = YES;
				CLANG_WARN_OBJC_LITERAL_CONVERSION = YES;
				CLANG_WARN_OBJC_ROOT_CLASS = YES_ERROR;
				CLANG_WARN_QUOTED_INCLUDE_IN_FRAMEWORK_HEADER = YES;
				CLANG_WARN_RANGE_LOOP_ANALYSIS = YES;
				CLANG_WARN_STRICT_PROTOTYPES = YES;
				CLANG_WARN_SUSPICIOUS_MOVE = YES;
				CLANG_WARN_UNGUARDED_AVAILABILITY = YES_AGGRESSIVE;
				CLANG_WARN_UNREACHABLE_CODE = YES;
				CLANG_WARN__DUPLICATE_METHOD_MATCH = YES;
				COPY_PHASE_STRIP = NO;
				DEBUG_INFORMATION_FORMAT = "dwarf-with-dsym";
				ENABLE_NS_ASSERTIONS = NO;
				ENABLE_STRICT_OBJC_MSGSEND = YES;
				GCC_C_LANGUAGE_STANDARD = gnu11;
				GCC_NO_COMMON_BLOCKS = YES;
				GCC_WARN_64_TO_32_BIT_CONVERSION = YES;
				GCC_WARN_ABOUT_RETURN_TYPE = YES_ERROR;
				GCC_WARN_UNDECLARED_SELECTOR = YES;
				GCC_WARN_UNINITIALIZED_AUTOS = YES_AGGRESSIVE;
				GCC_WARN_UNUSED_FUNCTION = YES;
				GCC_WARN_UNUSED_VARIABLE = YES;
				IPHONEOS_DEPLOYMENT_TARGET = 14.3;
				MTL_ENABLE_DEBUG_INFO = NO;
				MTL_FAST_MATH = YES;
				SDKROOT = iphoneos;
				SWIFT_COMPILATION_MODE = wholemodule;
				SWIFT_OPTIMIZATION_LEVEL = "-O";
				VALIDATE_PRODUCT = YES;
			};
			name = Release;
		};
		002457D825A84A9A00D61E78 /* Debug */ = {
			isa = XCBuildConfiguration;
			buildSettings = {
				ASSETCATALOG_COMPILER_APPICON_NAME = AppIcon;
				ASSETCATALOG_COMPILER_GLOBAL_ACCENT_COLOR_NAME = AccentColor;
				CODE_SIGN_STYLE = Automatic;
				DEVELOPMENT_ASSET_PATHS = "\"ex 12/Preview Content\"";
				ENABLE_PREVIEWS = YES;
				INFOPLIST_FILE = "ex 12/Info.plist";
				IPHONEOS_DEPLOYMENT_TARGET = 14.0;
				LD_RUNPATH_SEARCH_PATHS = (
					"$(inherited)",
					"@executable_path/Frameworks",
				);
				PRODUCT_BUNDLE_IDENTIFIER = "ma-almutairi.ex-12";
				PRODUCT_NAME = "$(TARGET_NAME)";
				SWIFT_VERSION = 5.0;
				TARGETED_DEVICE_FAMILY = "1,2";
			};
			name = Debug;
		};
		002457D925A84A9A00D61E78 /* Release */ = {
			isa = XCBuildConfiguration;
			buildSettings = {
				ASSETCATALOG_COMPILER_APPICON_NAME = AppIcon;
				ASSETCATALOG_COMPILER_GLOBAL_ACCENT_COLOR_NAME = AccentColor;
				CODE_SIGN_STYLE = Automatic;
				DEVELOPMENT_ASSET_PATHS = "\"ex 12/Preview Content\"";
				ENABLE_PREVIEWS = YES;
				INFOPLIST_FILE = "ex 12/Info.plist";
				IPHONEOS_DEPLOYMENT_TARGET = 14.0;
				LD_RUNPATH_SEARCH_PATHS = (
					"$(inherited)",
					"@executable_path/Frameworks",
				);
				PRODUCT_BUNDLE_IDENTIFIER = "ma-almutairi.ex-12";
				PRODUCT_NAME = "$(TARGET_NAME)";
				SWIFT_VERSION = 5.0;
				TARGETED_DEVICE_FAMILY = "1,2";
			};
			name = Release;
		};
/* End XCBuildConfiguration section */

/* Begin XCConfigurationList section */
		002457C325A84A9300D61E78 /* Build configuration list for PBXProject "ex 12" */ = {
			isa = XCConfigurationList;
			buildConfigurations = (
				002457D525A84A9A00D61E78 /* Debug */,
				002457D625A84A9A00D61E78 /* Release */,
			);
			defaultConfigurationIsVisible = 0;
			defaultConfigurationName = Release;
		};
		002457D725A84A9A00D61E78 /* Build configuration list for PBXNativeTarget "ex 12" */ = {
			isa = XCConfigurationList;
			buildConfigurations = (
				002457D825A84A9A00D61E78 /* Debug */,
				002457D925A84A9A00D61E78 /* Release */,
			);
			defaultConfigurationIsVisible = 0;
			defaultConfigurationName = Release;
		};
/* End XCConfigurationList section */
	};
	rootObject = 002457C025A84A9300D61E78 /* Project object */;
}
